
Microsoft Visual Studio Solution File, Format Version 12.00
# Visual Studio 15
VisualStudioVersion = 15.0.27004.2002
MinimumVisualStudioVersion = 10.0.40219.1
Project("{FAE04EC0-301F-11D3-BF4B-00C04F79EFBC}") = "ComicBookGallery", "ComicBookGallery\ComicBookGallery.csproj", "{233D327C-7F27-43DD-8A2A-3B205ECDC688}"
EndProject
Global
	GlobalSection(SolutionConfigurationPlatforms) = preSolution
		Debug|Any CPU = Debug|Any CPU
		Release|Any CPU = Release|Any CPU
	EndGlobalSection
	GlobalSection(ProjectConfigurationPlatforms) = postSolution
		{233D327C-7F27-43DD-8A2A-3B205ECDC688}.Debug|Any CPU.ActiveCfg = Debug|Any CPU
		{233D327C-7F27-43DD-8A2A-3B205ECDC688}.Debug|Any CPU.Build.0 = Debug|Any CPU
		{233D327C-7F27-43DD-8A2A-3B205ECDC688}.Release|Any CPU.ActiveCfg = Release|Any CPU
		{233D327C-7F27-43DD-8A2A-3B205ECDC688}.Release|Any CPU.Build.0 = Release|Any CPU
	EndGlobalSection
	GlobalSection(SolutionProperties) = preSolution
		HideSolutionNode = FALSE
	EndGlobalSection
	GlobalSection(ExtensibilityGlobals) = postSolution
		SolutionGuid = {4706E1D1-DA57-4DDC-8B71-2B46DC676896}
	EndGlobalSection
EndGlobal
